Microsoft Visual Studio Solution File, Format Version 12.00
# Visual Studio Version 17
VisualStudioVersion = 17.0.31808.319
MinimumVisualStudioVersion = 10.0.40219.1
Project("{9A19103F-16F7-4668-BE54-9A1E7A4F7556}") = "RESTworld.Business", "RESTworld.Business\RESTworld.Business.csproj", "{6F3EF13D-F4BD-489A-8053-690EB0C56DBE}"
EndProject
Project("{9A19103F-16F7-4668-BE54-9A1E7A4F7556}") = "RESTworld.AspNetCore", "RESTworld.AspNetCore\RESTworld.AspNetCore.csproj", "{1EFC8091-C84B-4A77-BE8F-FBCB2F23E767}"
EndProject
Project("{9A19103F-16F7-4668-BE54-9A1E7A4F7556}") = "RESTworld.Common", "RESTworld.Common\RESTworld.Common.csproj", "{5CD2D6EB-636A-441B-922E-50D650F5697C}"
EndProject
Project("{9A19103F-16F7-4668-BE54-9A1E7A4F7556}") = "RESTworld.EntityFrameworkCore", "RESTworld.EntityFrameworkCore\RESTworld.EntityFrameworkCore.csproj", "{B24A6B60-2113-460A-8EFE-38234C42552A}"
EndProject
Project("{54A90642-561A-4BB1-A94E-469ADEE60C69}") = "RESTworld.Client.Angular", "RESTworld.Client.Angular\RESTworld.Client.Angular.esproj", "{04D0246B-57E5-4284-90A9-AE55AC64DE96}"
EndProject
Project("{9A19103F-16F7-4668-BE54-9A1E7A4F7556}") = "RESTworld.Client.AspNetCore", "RESTworld.Client.AspNetCore\RESTworld.Client.AspNetCore.csproj", "{6C110408-1A97-492C-8BE7-EF458E29E8E6}"
EndProject
Project("{9A19103F-16F7-4668-BE54-9A1E7A4F7556}") = "RESTworld.Tests", "RESTworld.Tests\RESTworld.Tests.csproj", "{78BD436D-4F00-4244-84EA-F70233EED34D}"
EndProject
Project("{9A19103F-16F7-4668-BE54-9A1E7A4F7556}") = "RESTworld.Testing", "RESTworld.Testing\RESTworld.Testing.csproj", "{775D5A54-25EB-4B21-91AA-56DC4795185E}"
EndProject
Project("{9A19103F-16F7-4668-BE54-9A1E7A4F7556}") = "RESTworld.Client.Net", "RESTworld.Client.Net\RESTworld.Client.Net.csproj", "{EE2E2D74-19D3-49BB-BE1C-CE74749DC82F}"
EndProject
Global
	GlobalSection(SolutionConfigurationPlatforms) = preSolution
		Debug|Any CPU = Debug|Any CPU
		Release|Any CPU = Release|Any CPU
	EndGlobalSection
	GlobalSection(ProjectConfigurationPlatforms) = postSolution
		{6F3EF13D-F4BD-489A-8053-690EB0C56DBE}.Debug|Any CPU.ActiveCfg = Debug|Any CPU
		{6F3EF13D-F4BD-489A-8053-690EB0C56DBE}.Debug|Any CPU.Build.0 = Debug|Any CPU
		{6F3EF13D-F4BD-489A-8053-690EB0C56DBE}.Release|Any CPU.ActiveCfg = Release|Any CPU
		{6F3EF13D-F4BD-489A-8053-690EB0C56DBE}.Release|Any CPU.Build.0 = Release|Any CPU
		{1EFC8091-C84B-4A77-BE8F-FBCB2F23E767}.Debug|Any CPU.ActiveCfg = Debug|Any CPU
		{1EFC8091-C84B-4A77-BE8F-FBCB2F23E767}.Debug|Any CPU.Build.0 = Debug|Any CPU
		{1EFC8091-C84B-4A77-BE8F-FBCB2F23E767}.Release|Any CPU.ActiveCfg = Release|Any CPU
		{1EFC8091-C84B-4A77-BE8F-FBCB2F23E767}.Release|Any CPU.Build.0 = Release|Any CPU
		{5CD2D6EB-636A-441B-922E-50D650F5697C}.Debug|Any CPU.ActiveCfg = Debug|Any CPU
		{5CD2D6EB-636A-441B-922E-50D650F5697C}.Debug|Any CPU.Build.0 = Debug|Any CPU
		{5CD2D6EB-636A-441B-922E-50D650F5697C}.Release|Any CPU.ActiveCfg = Release|Any CPU
		{5CD2D6EB-636A-441B-922E-50D650F5697C}.Release|Any CPU.Build.0 = Release|Any CPU
		{B24A6B60-2113-460A-8EFE-38234C42552A}.Debug|Any CPU.ActiveCfg = Debug|Any CPU
		{B24A6B60-2113-460A-8EFE-38234C42552A}.Debug|Any CPU.Build.0 = Debug|Any CPU
		{B24A6B60-2113-460A-8EFE-38234C42552A}.Release|Any CPU.ActiveCfg = Release|Any CPU
		{B24A6B60-2113-460A-8EFE-38234C42552A}.Release|Any CPU.Build.0 = Release|Any CPU
		{04D0246B-57E5-4284-90A9-AE55AC64DE96}.Debug|Any CPU.ActiveCfg = Debug|Any CPU
		{04D0246B-57E5-4284-90A9-AE55AC64DE96}.Debug|Any CPU.Build.0 = Debug|Any CPU
		{04D0246B-57E5-4284-90A9-AE55AC64DE96}.Debug|Any CPU.Deploy.0 = Debug|Any CPU
		{04D0246B-57E5-4284-90A9-AE55AC64DE96}.Release|Any CPU.ActiveCfg = Release|Any CPU
		{04D0246B-57E5-4284-90A9-AE55AC64DE96}.Release|Any CPU.Build.0 = Release|Any CPU
		{04D0246B-57E5-4284-90A9-AE55AC64DE96}.Release|Any CPU.Deploy.0 = Release|Any CPU
		{6C110408-1A97-492C-8BE7-EF458E29E8E6}.Debug|Any CPU.ActiveCfg = Debug|Any CPU
		{6C110408-1A97-492C-8BE7-EF458E29E8E6}.Debug|Any CPU.Build.0 = Debug|Any CPU
		{6C110408-1A97-492C-8BE7-EF458E29E8E6}.Release|Any CPU.ActiveCfg = Release|Any CPU
		{6C110408-1A97-492C-8BE7-EF458E29E8E6}.Release|Any CPU.Build.0 = Release|Any CPU
		{78BD436D-4F00-4244-84EA-F70233EED34D}.Debug|Any CPU.ActiveCfg = Debug|Any CPU
		{78BD436D-4F00-4244-84EA-F70233EED34D}.Debug|Any CPU.Build.0 = Debug|Any CPU
		{78BD436D-4F00-4244-84EA-F70233EED34D}.Release|Any CPU.ActiveCfg = Release|Any CPU
		{78BD436D-4F00-4244-84EA-F70233EED34D}.Release|Any CPU.Build.0 = Release|Any CPU
		{775D5A54-25EB-4B21-91AA-56DC4795185E}.Debug|Any CPU.ActiveCfg = Debug|Any CPU
		{775D5A54-25EB-4B21-91AA-56DC4795185E}.Debug|Any CPU.Build.0 = Debug|Any CPU
		{775D5A54-25EB-4B21-91AA-56DC4795185E}.Release|Any CPU.ActiveCfg = Release|Any CPU
		{775D5A54-25EB-4B21-91AA-56DC4795185E}.Release|Any CPU.Build.0 = Release|Any CPU
		{EE2E2D74-19D3-49BB-BE1C-CE74749DC82F}.Debug|Any CPU.ActiveCfg = Debug|Any CPU
		{EE2E2D74-19D3-49BB-BE1C-CE74749DC82F}.Debug|Any CPU.Build.0 = Debug|Any CPU
		{EE2E2D74-19D3-49BB-BE1C-CE74749DC82F}.Release|Any CPU.ActiveCfg = Release|Any CPU
		{EE2E2D74-19D3-49BB-BE1C-CE74749DC82F}.Release|Any CPU.Build.0 = Release|Any CPU
	EndGlobalSection
	GlobalSection(SolutionProperties) = preSolution
		HideSolutionNode = FALSE
	EndGlobalSection
	GlobalSection(ExtensibilityGlobals) = postSolution
		SolutionGuid = {7DE59A95-43E4-4D7C-8123-3BA4AA6CF166}
	EndGlobalSection
EndGlobal
