{
  "name": "@wertzui/ngx-restworld-client",
  "version": "12.0.0",
  "lockfileVersion": 3,
  "requires": true,
  "packages": {
    "": {
      "name": "@wertzui/ngx-restworld-client",
      "version": "12.0.0",
      "license": "Unlicense",
      "dependencies": {
        "tslib": "^2.6.2"
      },
      "devDependencies": {
        "@types/lodash": "4.14.199",
        "@types/uri-templates": "0.1.32"
      },
      "peerDependencies": {
        "@angular/animations": "^16.2.6",
        "@angular/cdk": "^16.2.5",
        "@angular/common": "^16.2.6",
        "@angular/compiler": "^16.2.6",
        "@angular/core": "^16.2.6",
        "@angular/forms": "^16.2.6",
        "@angular/platform-browser": "^16.2.6",
        "@angular/platform-browser-dynamic": "^16.2.6",
        "@angular/platform-server": "^16.2.6",
        "@angular/router": "^16.2.6",
        "@fortawesome/fontawesome-free": "^6.4.2",
        "@wertzui/ngx-hal-client": "^10.0.0",
        "cldr-dates-modern": "^43.1.0",
        "cldr-numbers-modern": "^43.1.0",
        "clr-format": "^0.5.2",
        "lodash": "^4.17.21",
        "ngx-image-cropper": "^7.0.2",
        "ngx-valdemort": "^10.0.1",
        "primeflex": "^3.3.1",
        "primeicons": "^6.0.1",
        "primeng": "^16.3.1",
        "rxjs": "^7.8.1",
        "uri-templates-es": "^1.0.0",
        "zone.js": "^0.13.1"
      }
    },
    "node_modules/@angular/animations": {
      "version": "16.2.6",
      "resolved": "https://registry.npmjs.org/@angular/animations/-/animations-16.2.6.tgz",
      "integrity": "sha512-NHnHdZFKLr1PB8RhscjsE/DMSVHhtjCqc3bhtOiOMYfAgm4nYrSFvp6nAaT5OoMTeAWuM0n8/HvAiFweEQgVQA==",
      "peer": true,
      "dependencies": {
        "tslib": "^2.3.0"
      },
      "engines": {
        "node": "^16.14.0 || >=18.10.0"
      },
      "peerDependencies": {
        "@angular/core": "16.2.6"
      }
    },
    "node_modules/@angular/cdk": {
      "version": "16.2.5",
      "resolved": "https://registry.npmjs.org/@angular/cdk/-/cdk-16.2.5.tgz",
      "integrity": "sha512-9VbdWSYVFQq9y7Dl8KMooE+Sa5nx0l4Neue1IMmSS2v8b602VykiYA5aqz0BsLjfoiboXlUz6LCBXxukJtogcQ==",
      "peer": true,
      "dependencies": {
        "tslib": "^2.3.0"
      },
      "optionalDependencies": {
        "parse5": "^7.1.2"
      },
      "peerDependencies": {
        "@angular/common": "^16.0.0 || ^17.0.0",
        "@angular/core": "^16.0.0 || ^17.0.0",
        "rxjs": "^6.5.3 || ^7.4.0"
      }
    },
    "node_modules/@angular/common": {
      "version": "16.2.6",
      "resolved": "https://registry.npmjs.org/@angular/common/-/common-16.2.6.tgz",
      "integrity": "sha512-BjnahvtJHh2zXfCZjpWit+zMkggl/PrgUtPd02egzLmEKyXIMmQLYNpDZ+Pqgpb7eefU8yBPhL7WA2oKFjHjSg==",
      "peer": true,
      "dependencies": {
        "tslib": "^2.3.0"
      },
      "engines": {
        "node": "^16.14.0 || >=18.10.0"
      },
      "peerDependencies": {
        "@angular/core": "16.2.6",
        "rxjs": "^6.5.3 || ^7.4.0"
      }
    },
    "node_modules/@angular/compiler": {
      "version": "16.2.6",
      "resolved": "https://registry.npmjs.org/@angular/compiler/-/compiler-16.2.6.tgz",
      "integrity": "sha512-FKv9isn8BdM9TydyhdqcFhFD8nn11+fGqg3qbIQnOlnLb0ryYign93zBmlx/qFu46PvPtTmhsa4saE2NwvrSbg==",
      "peer": true,
      "dependencies": {
        "tslib": "^2.3.0"
      },
      "engines": {
        "node": "^16.14.0 || >=18.10.0"
      },
      "peerDependencies": {
        "@angular/core": "16.2.6"
      },
      "peerDependenciesMeta": {
        "@angular/core": {
          "optional": true
        }
      }
    },
    "node_modules/@angular/core": {
      "version": "16.2.6",
      "resolved": "https://registry.npmjs.org/@angular/core/-/core-16.2.6.tgz",
      "integrity": "sha512-F7kJbkVHLupdVQbwjjEuWp5rtxmfnL571VtqRN/8OJZAI2OjZjnSbL+FRZGEZHDmOZ2cNgPKpYt/d3nbK8hpSw==",
      "peer": true,
      "dependencies": {
        "tslib": "^2.3.0"
      },
      "engines": {
        "node": "^16.14.0 || >=18.10.0"
      },
      "peerDependencies": {
        "rxjs": "^6.5.3 || ^7.4.0",
        "zone.js": "~0.13.0"
      }
    },
    "node_modules/@angular/forms": {
      "version": "16.2.6",
      "resolved": "https://registry.npmjs.org/@angular/forms/-/forms-16.2.6.tgz",
      "integrity": "sha512-TsSpV6Oh0Z5WlCmRB6jEsChLA8ChBn8CY1uOkTh4YQEzdMCwvBvc1Q2DugER5iGvZU/hRNgjyHX7VR3ysB3JlQ==",
      "peer": true,
      "dependencies": {
        "tslib": "^2.3.0"
      },
      "engines": {
        "node": "^16.14.0 || >=18.10.0"
      },
      "peerDependencies": {
        "@angular/common": "16.2.6",
        "@angular/core": "16.2.6",
        "@angular/platform-browser": "16.2.6",
        "rxjs": "^6.5.3 || ^7.4.0"
      }
    },
    "node_modules/@angular/platform-browser": {
      "version": "16.2.6",
      "resolved": "https://registry.npmjs.org/@angular/platform-browser/-/platform-browser-16.2.6.tgz",
      "integrity": "sha512-jXtarSZ/n6ytZQ9+Y0aDuazz5POz4UmLN3GxIWtc4kqPOQp4o3DCM16Ig4ioSm53Z/WSDASVaMwtRWN5SXCKfw==",
      "peer": true,
      "dependencies": {
        "tslib": "^2.3.0"
      },
      "engines": {
        "node": "^16.14.0 || >=18.10.0"
      },
      "peerDependencies": {
        "@angular/animations": "16.2.6",
        "@angular/common": "16.2.6",
        "@angular/core": "16.2.6"
      },
      "peerDependenciesMeta": {
        "@angular/animations": {
          "optional": true
        }
      }
    },
    "node_modules/@angular/platform-browser-dynamic": {
      "version": "16.2.6",
      "resolved": "https://registry.npmjs.org/@angular/platform-browser-dynamic/-/platform-browser-dynamic-16.2.6.tgz",
      "integrity": "sha512-i3prfdjnOMMemQMLk7vywGueDsjRIcug+jNf4ZdSb4AEaAhv86mzt5z3iNNSSA3bec7oJfrxOayMz3o6zq3QXA==",
      "peer": true,
      "dependencies": {
        "tslib": "^2.3.0"
      },
      "engines": {
        "node": "^16.14.0 || >=18.10.0"
      },
      "peerDependencies": {
        "@angular/common": "16.2.6",
        "@angular/compiler": "16.2.6",
        "@angular/core": "16.2.6",
        "@angular/platform-browser": "16.2.6"
      }
    },
    "node_modules/@angular/platform-server": {
      "version": "16.2.6",
      "resolved": "https://registry.npmjs.org/@angular/platform-server/-/platform-server-16.2.6.tgz",
      "integrity": "sha512-cobq32X6P21CAVrvhCe9COlqwsdJcqhkJaGe6fl3yVh6CfrojBT6a9vsjgNKH6etVXEaGlLY+lh6hCfyJmZ72A==",
      "peer": true,
      "dependencies": {
        "tslib": "^2.3.0",
        "xhr2": "^0.2.0"
      },
      "engines": {
        "node": "^16.14.0 || >=18.10.0"
      },
      "peerDependencies": {
        "@angular/animations": "16.2.6",
        "@angular/common": "16.2.6",
        "@angular/compiler": "16.2.6",
        "@angular/core": "16.2.6",
        "@angular/platform-browser": "16.2.6"
      }
    },
    "node_modules/@angular/router": {
      "version": "16.2.6",
      "resolved": "https://registry.npmjs.org/@angular/router/-/router-16.2.6.tgz",
      "integrity": "sha512-huORA6D1UriaswbvVgfxpYQJofZ3hSDdJYRMI4lDcu1n6CaCoYnj8E3rqaU5U1Va0OeFmxzOuXG+3WyL+YfZgg==",
      "peer": true,
      "dependencies": {
        "tslib": "^2.3.0"
      },
      "engines": {
        "node": "^16.14.0 || >=18.10.0"
      },
      "peerDependencies": {
        "@angular/common": "16.2.6",
        "@angular/core": "16.2.6",
        "@angular/platform-browser": "16.2.6",
        "rxjs": "^6.5.3 || ^7.4.0"
      }
    },
    "node_modules/@fortawesome/fontawesome-free": {
      "version": "6.4.2",
      "resolved": "https://registry.npmjs.org/@fortawesome/fontawesome-free/-/fontawesome-free-6.4.2.tgz",
      "integrity": "sha512-m5cPn3e2+FDCOgi1mz0RexTUvvQibBebOUlUlW0+YrMjDTPkiJ6VTKukA1GRsvRw+12KyJndNjj0O4AgTxm2Pg==",
      "hasInstallScript": true,
      "peer": true,
      "engines": {
        "node": ">=6"
      }
    },
    "node_modules/@types/lodash": {
      "version": "4.14.199",
      "resolved": "https://registry.npmjs.org/@types/lodash/-/lodash-4.14.199.tgz",
      "integrity": "sha512-Vrjz5N5Ia4SEzWWgIVwnHNEnb1UE1XMkvY5DGXrAeOGE9imk0hgTHh5GyDjLDJi9OTCn9oo9dXH1uToK1VRfrg==",
      "dev": true
    },
    "node_modules/@types/uri-templates": {
      "version": "0.1.32",
      "resolved": "https://registry.npmjs.org/@types/uri-templates/-/uri-templates-0.1.32.tgz",
      "integrity": "sha512-PNRZF4z8uj81BBq8PumesGQVVZw0vjb1HFW9wll+UcHOPxWcop/8TwlvGzeIivmTdpxmpV2kXfRYCNWTHkIy+g==",
      "dev": true
    },
    "node_modules/@wertzui/ngx-hal-client": {
      "version": "10.0.0",
      "resolved": "https://registry.npmjs.org/@wertzui/ngx-hal-client/-/ngx-hal-client-10.0.0.tgz",
      "integrity": "sha512-eET+p6zdOkiCH3AUrasqfa540/dp3So3EJ4WkeyjMSmKTISTX6IAMul6QFJ8Ox7gbcVpsSwWB/qQc+3C9Ry+bg==",
      "peer": true,
      "dependencies": {
        "tslib": "^2"
      },
      "peerDependencies": {
        "@angular/common": "^16",
        "@angular/core": "^16",
        "@angular/forms": "^16",
        "lodash": "^4",
        "uri-templates-es": "^1"
      }
    },
    "node_modules/cldr-core": {
      "version": "43.1.0",
      "resolved": "https://registry.npmjs.org/cldr-core/-/cldr-core-43.1.0.tgz",
      "integrity": "sha512-8Q/Zh/eCzV4SxggzZhPnw5WDWH9OnhbPfwzthfG8uXsCn7F5UeBCiAOTxsstxuxtXPKlvPJqqMSQjiYcqJPJsA==",
      "peer": true
    },
    "node_modules/cldr-dates-modern": {
      "version": "43.1.0",
      "resolved": "https://registry.npmjs.org/cldr-dates-modern/-/cldr-dates-modern-43.1.0.tgz",
      "integrity": "sha512-bAPR2Gxn4guOE1cXef3SH9e8U/gbAbRfcnMqyaV96tOKbYPq78yFFAcF4/f6aG16f6bmIeUm8KaLitv49b1G5w==",
      "peer": true,
      "peerDependencies": {
        "cldr-numbers-modern": "43.1.0"
      }
    },
    "node_modules/cldr-numbers-modern": {
      "version": "43.1.0",
      "resolved": "https://registry.npmjs.org/cldr-numbers-modern/-/cldr-numbers-modern-43.1.0.tgz",
      "integrity": "sha512-cekZLx2Mj/pC3oG50jJW1PgxjCRnJHw2trUdH++qcz7r1Ari/4BPhhbfKzOVlYBFlTzAsVxJ9hioWwzyPOpd1A==",
      "peer": true,
      "peerDependencies": {
        "cldr-core": "43.1.0"
      }
    },
    "node_modules/clr-format": {
      "version": "0.5.2",
      "resolved": "https://registry.npmjs.org/clr-format/-/clr-format-0.5.2.tgz",
      "integrity": "sha512-epHXKq3FohMsQUim1bfho/ZBdtQmJRPTgcTwT+yQ4y7pqmD8b9ME1TnQuRnM6nJXDcQJyajacADKz+wH7xb/uQ==",
      "peer": true
    },
    "node_modules/entities": {
      "version": "4.5.0",
      "resolved": "https://registry.npmjs.org/entities/-/entities-4.5.0.tgz",
      "integrity": "sha512-V0hjH4dGPh9Ao5p0MoRY6BVqtwCjhz6vI5LT8AJ55H+4g9/4vbHx1I54fS0XuclLhDHArPQCiMjDxjaL8fPxhw==",
      "optional": true,
      "peer": true,
      "engines": {
        "node": ">=0.12"
      },
      "funding": {
        "url": "https://github.com/fb55/entities?sponsor=1"
      }
    },
    "node_modules/lodash": {
      "version": "4.17.21",
      "resolved": "https://registry.npmjs.org/lodash/-/lodash-4.17.21.tgz",
      "integrity": "sha512-v2kDEe57lecTulaDIuNTPy3Ry4gLGJ6Z1O3vE1krgXZNrsQ+LFTGHVxVjcXPs17LhbZVGedAJv8XZ1tvj5FvSg==",
      "peer": true
    },
    "node_modules/ngx-image-cropper": {
      "version": "7.0.2",
      "resolved": "https://registry.npmjs.org/ngx-image-cropper/-/ngx-image-cropper-7.0.2.tgz",
      "integrity": "sha512-dbLME5kHdDQG6PPK0C0oczJuATYmjB0tOuotx/2sPaQZU8BUTKKOll+q1CGImFDT8Cn3+HpGAQk6vt6wlO9DrA==",
      "peer": true,
      "dependencies": {
        "tslib": "^2.3.0"
      },
      "peerDependencies": {
        "@angular/common": ">=13.0.0",
        "@angular/core": ">=13.0.0"
      }
    },
    "node_modules/ngx-valdemort": {
      "version": "10.0.1",
      "resolved": "https://registry.npmjs.org/ngx-valdemort/-/ngx-valdemort-10.0.1.tgz",
      "integrity": "sha512-Yh6xklp4w9cRQiGRgMiroWoxT0NzQc+3yLn3X8lvoSvAfUy4wVy3Lo5poYvsKctq/GnV8OyJ7oRxe4rxxfIpAw==",
      "peer": true,
      "dependencies": {
        "tslib": "2.5.0"
      },
      "peerDependencies": {
        "@angular/common": "^16.0.0",
        "@angular/core": "^16.0.0",
        "@angular/forms": "^16.0.0"
      }
    },
    "node_modules/ngx-valdemort/node_modules/tslib": {
      "version": "2.5.0",
      "resolved": "https://registry.npmjs.org/tslib/-/tslib-2.5.0.tgz",
      "integrity": "sha512-336iVw3rtn2BUK7ORdIAHTyxHGRIHVReokCR3XjbckJMK7ms8FysBfhLR8IXnAgy7T0PTPNBWKiH514FOW/WSg==",
      "peer": true
    },
    "node_modules/parse5": {
      "version": "7.1.2",
      "resolved": "https://registry.npmjs.org/parse5/-/parse5-7.1.2.tgz",
      "integrity": "sha512-Czj1WaSVpaoj0wbhMzLmWD69anp2WH7FXMB9n1Sy8/ZFF9jolSQVMu1Ij5WIyGmcBmhk7EOndpO4mIpihVqAXw==",
      "optional": true,
      "peer": true,
      "dependencies": {
        "entities": "^4.4.0"
      },
      "funding": {
        "url": "https://github.com/inikulin/parse5?sponsor=1"
      }
    },
    "node_modules/primeflex": {
      "version": "3.3.1",
      "resolved": "https://registry.npmjs.org/primeflex/-/primeflex-3.3.1.tgz",
      "integrity": "sha512-zaOq3YvcOYytbAmKv3zYc+0VNS9Wg5d37dfxZnveKBFPr7vEIwfV5ydrpiouTft8MVW6qNjfkaQphHSnvgQbpQ==",
      "peer": true
    },
    "node_modules/primeicons": {
      "version": "6.0.1",
      "resolved": "https://registry.npmjs.org/primeicons/-/primeicons-6.0.1.tgz",
      "integrity": "sha512-KDeO94CbWI4pKsPnYpA1FPjo79EsY9I+M8ywoPBSf9XMXoe/0crjbUK7jcQEDHuc0ZMRIZsxH3TYLv4TUtHmAA==",
      "peer": true
    },
    "node_modules/primeng": {
      "version": "16.3.1",
      "resolved": "https://registry.npmjs.org/primeng/-/primeng-16.3.1.tgz",
      "integrity": "sha512-7HdAhng5Kj1nJ4KaXZyQousw/0VCQMzq4AyVt4HD+2fl52Bl13WZPV5a+P7SpMKOXVTEDed3U6EeAxDRpbu7iw==",
      "peer": true,
      "dependencies": {
        "tslib": "^2.3.0"
      },
      "peerDependencies": {
        "@angular/common": "^16.2.0",
        "@angular/core": "^16.2.0",
        "@angular/forms": "^16.2.0",
        "rxjs": "^6.0.0 || ^7.8.1",
        "zone.js": "~0.13.0"
      }
    },
    "node_modules/rxjs": {
      "version": "7.8.1",
      "resolved": "https://registry.npmjs.org/rxjs/-/rxjs-7.8.1.tgz",
      "integrity": "sha512-AA3TVj+0A2iuIoQkWEK/tqFjBq2j+6PO6Y0zJcvzLAFhEFIO3HL0vls9hWLncZbAAbK0mar7oZ4V079I/qPMxg==",
      "peer": true,
      "dependencies": {
        "tslib": "^2.1.0"
      }
    },
    "node_modules/tslib": {
      "version": "2.6.2",
      "resolved": "https://registry.npmjs.org/tslib/-/tslib-2.6.2.tgz",
      "integrity": "sha512-AEYxH93jGFPn/a2iVAwW87VuUIkR1FVUKB77NwMF7nBTDkDrrT/Hpt/IrCJ0QXhW27jTBDcf5ZY7w6RiqTMw2Q=="
    },
    "node_modules/uri-templates-es": {
      "version": "1.0.0",
      "resolved": "https://registry.npmjs.org/uri-templates-es/-/uri-templates-es-1.0.0.tgz",
      "integrity": "sha512-8Ne+rpk5kXmsnvKgcOVu0GLuyiALOP0GmNStRTeROjYMlC/YpFchxbMQneuT8vk0xdZrNETVd9pWLLRIqGN4Tw==",
      "peer": true
    },
    "node_modules/xhr2": {
      "version": "0.2.1",
      "resolved": "https://registry.npmjs.org/xhr2/-/xhr2-0.2.1.tgz",
      "integrity": "sha512-sID0rrVCqkVNUn8t6xuv9+6FViXjUVXq8H5rWOH2rz9fDNQEd4g0EA2XlcEdJXRz5BMEn4O1pJFdT+z4YHhoWw==",
      "peer": true,
      "engines": {
        "node": ">= 6"
      }
    },
    "node_modules/zone.js": {
      "version": "0.13.3",
      "resolved": "https://registry.npmjs.org/zone.js/-/zone.js-0.13.3.tgz",
      "integrity": "sha512-MKPbmZie6fASC/ps4dkmIhaT5eonHkEt6eAy80K42tAm0G2W+AahLJjbfi6X9NPdciOE9GRFTTM8u2IiF6O3ww==",
      "peer": true,
      "dependencies": {
        "tslib": "^2.3.0"
      }
    }
  }
}
