{
  "name": "@wertzui/ngx-restworld-client",
  "version": "20.0.0",
  "lockfileVersion": 3,
  "requires": true,
  "packages": {
    "": {
      "name": "@wertzui/ngx-restworld-client",
      "version": "20.0.0",
      "license": "Unlicense",
      "dependencies": {
        "tslib": "^2.8.1"
      },
      "peerDependencies": {
        "@angular/animations": "^22",
        "@angular/cdk": "^22",
        "@angular/common": "^22",
        "@angular/compiler": "^22",
        "@angular/core": "^22",
        "@angular/forms": "^22",
        "@angular/platform-browser": "^22",
        "@angular/platform-browser-dynamic": "^22",
        "@angular/platform-server": "^22",
        "@angular/router": "^22",
        "@fortawesome/fontawesome-free": "^7",
        "@odata/parser": "^0.2.14",
        "@opentelemetry/api": "^1.9.1",
        "@opentelemetry/context-zone": "^2.10.0",
        "@opentelemetry/exporter-trace-otlp-http": "^0.221.0",
        "@opentelemetry/exporter-trace-otlp-proto": "^0.221.0",
        "@opentelemetry/resources": "^2.10.0",
        "@opentelemetry/sdk-trace-web": "^2.10.0",
        "@opentelemetry/semantic-conventions": "^1.43.0",
        "@wertzui/ngx-hal-client": "^16",
        "cldr-dates-modern": "^45.0.0",
        "cldr-numbers-modern": "^45.0.0",
        "clr-format": "^0.5.2",
        "ng-http-caching": "^22",
        "ngx-image-cropper": "^9.1.6",
        "ngx-valdemort": "^16",
        "primeflex": "^4",
        "primeicons": "^7.0.0",
        "primeng": "^21",
        "rxjs": "^7.8.2",
        "uri-templates-es": "^2.0.2"
      }
    },
    "node_modules/@angular/animations": {
      "version": "22.0.8",
      "resolved": "https://registry.npmjs.org/@angular/animations/-/animations-22.0.8.tgz",
      "integrity": "sha512-hdBlckl5mARzuc5gt2siydIAxeJbBiRneg8V0kazEDH6xNkNp/1siro68ZaHgTY5dCUEOec/eC4zbhB8AlSLhQ==",
      "deprecated": "@angular/animations is deprecated. Use `animate.enter` and `animate.leave` instead. For more information see: https://v22.angular.dev/guide/animations.",
      "license": "MIT",
      "peer": true,
      "dependencies": {
        "tslib": "^2.3.0"
      },
      "engines": {
        "node": "^22.22.3 || ^24.15.0 || >=26.0.0"
      },
      "peerDependencies": {
        "@angular/core": "22.0.8"
      }
    },
    "node_modules/@angular/cdk": {
      "version": "22.0.6",
      "resolved": "https://registry.npmjs.org/@angular/cdk/-/cdk-22.0.6.tgz",
      "integrity": "sha512-b36f4b+7yQpuulG9Ai2O38SV2tsqyNeYTYCH9TehMir18XlTx+NtLELwA8Sfi24tHByJHEDADQZtHPWWUj71/w==",
      "license": "MIT",
      "peer": true,
      "dependencies": {
        "parse5": "^8.0.0",
        "tslib": "^2.3.0"
      },
      "peerDependencies": {
        "@angular/common": "^22.0.0 || ^23.0.0",
        "@angular/core": "^22.0.0 || ^23.0.0",
        "@angular/platform-browser": "^22.0.0 || ^23.0.0",
        "rxjs": "^6.5.3 || ^7.4.0"
      }
    },
    "node_modules/@angular/common": {
      "version": "22.0.8",
      "resolved": "https://registry.npmjs.org/@angular/common/-/common-22.0.8.tgz",
      "integrity": "sha512-FnwkXndUgAyWk1/p5flMfocIUtuuneJ01mxC1FxRc5/bdWTyNVeQDsM9Lw4PEAPc0AHu//EnblegRq8o6LGdUQ==",
      "license": "MIT",
      "peer": true,
      "dependencies": {
        "tslib": "^2.3.0"
      },
      "engines": {
        "node": "^22.22.3 || ^24.15.0 || >=26.0.0"
      },
      "peerDependencies": {
        "@angular/core": "22.0.8",
        "rxjs": "^6.5.3 || ^7.4.0"
      }
    },
    "node_modules/@angular/compiler": {
      "version": "22.0.8",
      "resolved": "https://registry.npmjs.org/@angular/compiler/-/compiler-22.0.8.tgz",
      "integrity": "sha512-ot7rvntfkZsPHmp8yl6PWUj/yG4e50X0+YeR7QYy/rEYKBiIg91w8GwjxSzaF4g5+bzJGDv7l/XnachKm0IySg==",
      "license": "MIT",
      "peer": true,
      "dependencies": {
        "tslib": "^2.3.0"
      },
      "engines": {
        "node": "^22.22.3 || ^24.15.0 || >=26.0.0"
      }
    },
    "node_modules/@angular/core": {
      "version": "22.0.8",
      "resolved": "https://registry.npmjs.org/@angular/core/-/core-22.0.8.tgz",
      "integrity": "sha512-HagZZVzbtXd+ZhMb++k/HOtr/UTiBROHHH7xutgYgnSnPRXX0kCca5EQ02OZ/OCWfsMP5liSJDfwiePFULKA6Q==",
      "license": "MIT",
      "peer": true,
      "dependencies": {
        "tslib": "^2.3.0"
      },
      "engines": {
        "node": "^22.22.3 || ^24.15.0 || >=26.0.0"
      },
      "peerDependencies": {
        "@angular/compiler": "22.0.8",
        "rxjs": "^6.5.3 || ^7.4.0",
        "zone.js": "~0.15.0 || ~0.16.0"
      },
      "peerDependenciesMeta": {
        "@angular/compiler": {
          "optional": true
        },
        "zone.js": {
          "optional": true
        }
      }
    },
    "node_modules/@angular/forms": {
      "version": "22.0.8",
      "resolved": "https://registry.npmjs.org/@angular/forms/-/forms-22.0.8.tgz",
      "integrity": "sha512-KlLJE8rgziSBqCQy+cqCHPEQPGjJEY53i1vZbpnBoLXhnwswLJ3O0c76RHNpIrlrvr9v4p3b2/LxSE8wQmdStg==",
      "license": "MIT",
      "peer": true,
      "dependencies": {
        "@standard-schema/spec": "^1.0.0",
        "tslib": "^2.3.0",
        "zod": "^4.0.10"
      },
      "engines": {
        "node": "^22.22.3 || ^24.15.0 || >=26.0.0"
      },
      "peerDependencies": {
        "@angular/common": "22.0.8",
        "@angular/core": "22.0.8",
        "@angular/platform-browser": "22.0.8",
        "rxjs": "^6.5.3 || ^7.4.0"
      }
    },
    "node_modules/@angular/platform-browser": {
      "version": "22.0.8",
      "resolved": "https://registry.npmjs.org/@angular/platform-browser/-/platform-browser-22.0.8.tgz",
      "integrity": "sha512-FllGHCayu5Dv82HAA9ORL04Xf+In9JGMbQ1Vn4QnhrAVxBz182vm+ZwszLzRDSAwmfeIjZDeK49tKAcqHR9XNg==",
      "license": "MIT",
      "peer": true,
      "dependencies": {
        "tslib": "^2.3.0"
      },
      "engines": {
        "node": "^22.22.3 || ^24.15.0 || >=26.0.0"
      },
      "peerDependencies": {
        "@angular/animations": "22.0.8",
        "@angular/common": "22.0.8",
        "@angular/core": "22.0.8"
      },
      "peerDependenciesMeta": {
        "@angular/animations": {
          "optional": true
        }
      }
    },
    "node_modules/@angular/platform-browser-dynamic": {
      "version": "22.0.8",
      "resolved": "https://registry.npmjs.org/@angular/platform-browser-dynamic/-/platform-browser-dynamic-22.0.8.tgz",
      "integrity": "sha512-HQ5GeMoKqd2eMy9hHga1F0yumhrt4gVlhoP8YfmQnZWluVagdyinUpGdd3dNiuYjLcbHB+KXdW9c6LnqEmU+dg==",
      "deprecated": "@angular/platform-browser-dynamic is deprecated. Use `@angular/platform-browser` instead.",
      "license": "MIT",
      "peer": true,
      "dependencies": {
        "tslib": "^2.3.0"
      },
      "engines": {
        "node": "^22.22.3 || ^24.15.0 || >=26.0.0"
      },
      "peerDependencies": {
        "@angular/common": "22.0.8",
        "@angular/compiler": "22.0.8",
        "@angular/core": "22.0.8",
        "@angular/platform-browser": "22.0.8"
      }
    },
    "node_modules/@angular/platform-server": {
      "version": "22.0.8",
      "resolved": "https://registry.npmjs.org/@angular/platform-server/-/platform-server-22.0.8.tgz",
      "integrity": "sha512-uG2/7vqb4hKnGVYN0khcA0W46AssKnYEa2l1kYoKcjz6JH/3ExHJohY3mgH5gwkpJCXT/xePv9S9AQsvwluh6w==",
      "license": "MIT",
      "peer": true,
      "dependencies": {
        "tslib": "^2.3.0",
        "xhr2": "^0.2.0"
      },
      "engines": {
        "node": "^22.22.3 || ^24.15.0 || >=26.0.0"
      },
      "peerDependencies": {
        "@angular/common": "22.0.8",
        "@angular/compiler": "22.0.8",
        "@angular/core": "22.0.8",
        "@angular/platform-browser": "22.0.8",
        "rxjs": "^6.5.3 || ^7.4.0"
      }
    },
    "node_modules/@angular/router": {
      "version": "22.0.8",
      "resolved": "https://registry.npmjs.org/@angular/router/-/router-22.0.8.tgz",
      "integrity": "sha512-9NO5K03QqfWMWWZ+Uu4WqBSLw/YAot918cBUFdgl6mTUOfoHi/xWO5pAt0SEpbXMHmWafJBdb99GRlAGybGSTg==",
      "license": "MIT",
      "peer": true,
      "dependencies": {
        "tslib": "^2.3.0"
      },
      "engines": {
        "node": "^22.22.3 || ^24.15.0 || >=26.0.0"
      },
      "peerDependencies": {
        "@angular/common": "22.0.8",
        "@angular/core": "22.0.8",
        "@angular/platform-browser": "22.0.8",
        "rxjs": "^6.5.3 || ^7.4.0"
      }
    },
    "node_modules/@fortawesome/fontawesome-free": {
      "version": "7.3.1",
      "resolved": "https://registry.npmjs.org/@fortawesome/fontawesome-free/-/fontawesome-free-7.3.1.tgz",
      "integrity": "sha512-wmglKKPDIkgV3aWlZzWECCPoGIkYCulzBwxG9+w7rc5BGapZ6cPMpoPOT8k36J0Ni7PPX6c/rsoMWfS4d1MUMg==",
      "license": "(CC-BY-4.0 AND OFL-1.1 AND MIT)",
      "peer": true,
      "engines": {
        "node": ">=6"
      }
    },
    "node_modules/@newdash/newdash": {
      "version": "5.23.1",
      "resolved": "https://registry.npmjs.org/@newdash/newdash/-/newdash-5.23.1.tgz",
      "integrity": "sha512-yVMMjSNKUyUC9dXM+h3M7D3e+MwKWeK6dqn0K3OkAIFkHY9/+9dXLncBipa2P3nQ7SJJlFaa0Gwx1OioXbJFhg==",
      "license": "MIT",
      "peer": true
    },
    "node_modules/@odata/metadata": {
      "version": "0.2.8",
      "resolved": "https://registry.npmjs.org/@odata/metadata/-/metadata-0.2.8.tgz",
      "integrity": "sha512-7oJW1gGEYmuJ/deCnVIncsp4oH1dR7xszAMp4KWyGtZ/t78MrwYs4FIsm2/OlBKL3F/zI8wNTMt0TU6/KFm5Kw==",
      "license": "MIT",
      "peer": true,
      "dependencies": {
        "@newdash/newdash": "^5.21.0",
        "@types/express": "^4.17.13",
        "reflect-metadata": "^0.1.13"
      },
      "engines": {
        "node": ">=10"
      }
    },
    "node_modules/@odata/parser": {
      "version": "0.2.14",
      "resolved": "https://registry.npmjs.org/@odata/parser/-/parser-0.2.14.tgz",
      "integrity": "sha512-aio+Ok2WbEY+foVe9YL+ondDsXqbk8UEFYCJSmDvbELLDv1WDjY8tx96wm1ASZXIbD3PIMDw+KYbjiLn2aYdxg==",
      "license": "MIT",
      "peer": true,
      "dependencies": {
        "@newdash/newdash": "^5.21.4",
        "@odata/metadata": "^0.2.8"
      },
      "engines": {
        "node": ">=10"
      }
    },
    "node_modules/@opentelemetry/api": {
      "version": "1.9.1",
      "resolved": "https://registry.npmjs.org/@opentelemetry/api/-/api-1.9.1.tgz",
      "integrity": "sha512-gLyJlPHPZYdAk1JENA9LeHejZe1Ti77/pTeFm/nMXmQH/HFZlcS/O2XJB+L8fkbrNSqhdtlvjBVjxwUYanNH5Q==",
      "license": "Apache-2.0",
      "peer": true,
      "engines": {
        "node": ">=8.0.0"
      }
    },
    "node_modules/@opentelemetry/api-logs": {
      "version": "0.221.0",
      "resolved": "https://registry.npmjs.org/@opentelemetry/api-logs/-/api-logs-0.221.0.tgz",
      "integrity": "sha512-OlanaW1vv7ufTqQ3/fPLI4arGt5ZoM+P8abOMki6uEYnpRazepSWDwDnnw+la7kE26SHVC18//SMccrDvLKOXQ==",
      "license": "Apache-2.0",
      "peer": true,
      "dependencies": {
        "@opentelemetry/api": "^1.3.0"
      },
      "engines": {
        "node": ">=8.0.0"
      }
    },
    "node_modules/@opentelemetry/context-zone": {
      "version": "2.10.0",
      "resolved": "https://registry.npmjs.org/@opentelemetry/context-zone/-/context-zone-2.10.0.tgz",
      "integrity": "sha512-Ats9++P6RdfCqWb5jGGwTFVgZJTkIONFFNyRjJTAJZnSwkg3/APWNc7gCGPfUZuCdQA0+nhGTrRk3bSHcoSUuA==",
      "license": "Apache-2.0",
      "peer": true,
      "dependencies": {
        "@opentelemetry/context-zone-peer-dep": "2.10.0",
        "zone.js": "^0.11.0 || ^0.12.0 || ^0.13.0 || ^0.14.0 || ^0.15.0 || ^0.16.0"
      },
      "engines": {
        "node": "^18.19.0 || >=20.6.0"
      }
    },
    "node_modules/@opentelemetry/context-zone-peer-dep": {
      "version": "2.10.0",
      "resolved": "https://registry.npmjs.org/@opentelemetry/context-zone-peer-dep/-/context-zone-peer-dep-2.10.0.tgz",
      "integrity": "sha512-dyt6PJxfocKhQJjoMEIdPbcKnwJKV9waF6vXL9g5sSTUsp4GZXsx/faRR95vl41NANzvUYXVnhulhp57xW+G+w==",
      "license": "Apache-2.0",
      "peer": true,
      "engines": {
        "node": "^18.19.0 || >=20.6.0"
      },
      "peerDependencies": {
        "@opentelemetry/api": ">=1.0.0 <1.10.0",
        "zone.js": "^0.10.2 || ^0.11.0 || ^0.12.0 || ^0.13.0 || ^0.14.0 || ^0.15.0 || ^0.16.0"
      }
    },
    "node_modules/@opentelemetry/core": {
      "version": "2.10.0",
      "resolved": "https://registry.npmjs.org/@opentelemetry/core/-/core-2.10.0.tgz",
      "integrity": "sha512-/wNZ8twnEQQA4HoHu22+vcsdru6pWPWxW+7w+FlxT6Id7PE/WIbZmVKkte+PF72e0F2dnImFeHD2syyE1Mw6MQ==",
      "license": "Apache-2.0",
      "peer": true,
      "dependencies": {
        "@opentelemetry/semantic-conventions": "^1.29.0"
      },
      "engines": {
        "node": "^18.19.0 || >=20.6.0"
      },
      "peerDependencies": {
        "@opentelemetry/api": ">=1.0.0 <1.10.0"
      }
    },
    "node_modules/@opentelemetry/exporter-trace-otlp-http": {
      "version": "0.221.0",
      "resolved": "https://registry.npmjs.org/@opentelemetry/exporter-trace-otlp-http/-/exporter-trace-otlp-http-0.221.0.tgz",
      "integrity": "sha512-AySXiKoC+meiWm6zdVj5T2LnPDZuatveBby1cMOeQteIWsYXAUxs8Sru13G2pVSPrUXz6vF+og7QVBX6GdC/oQ==",
      "license": "Apache-2.0",
      "peer": true,
      "dependencies": {
        "@opentelemetry/otlp-exporter-base": "0.221.0",
        "@opentelemetry/otlp-transformer": "0.221.0",
        "@opentelemetry/sdk-trace": "2.10.0"
      },
      "engines": {
        "node": "^18.19.0 || >=20.6.0"
      },
      "peerDependencies": {
        "@opentelemetry/api": "^1.3.0"
      }
    },
    "node_modules/@opentelemetry/exporter-trace-otlp-proto": {
      "version": "0.221.0",
      "resolved": "https://registry.npmjs.org/@opentelemetry/exporter-trace-otlp-proto/-/exporter-trace-otlp-proto-0.221.0.tgz",
      "integrity": "sha512-Z9i2T7vgZbWe9rSLYxXVIbeW+XyzUq4rZanW3ZyVNwVDqCsh0EJKUgBWWQ0CZfeuUA+RQPzKgJQHMuWAUnKqXw==",
      "license": "Apache-2.0",
      "peer": true,
      "dependencies": {
        "@opentelemetry/otlp-exporter-base": "0.221.0",
        "@opentelemetry/otlp-transformer": "0.221.0",
        "@opentelemetry/sdk-trace": "2.10.0"
      },
      "engines": {
        "node": "^18.19.0 || >=20.6.0"
      },
      "peerDependencies": {
        "@opentelemetry/api": "^1.3.0"
      }
    },
    "node_modules/@opentelemetry/otlp-exporter-base": {
      "version": "0.221.0",
      "resolved": "https://registry.npmjs.org/@opentelemetry/otlp-exporter-base/-/otlp-exporter-base-0.221.0.tgz",
      "integrity": "sha512-UFPIq80OH3Ns/oPFHRj14d4DTOxUo+MUFU8hUiCq5jTqFhdeJnfVSANHT+xp92409cA+oxzvlZCe6NM1wvCuBA==",
      "license": "Apache-2.0",
      "peer": true,
      "dependencies": {
        "@opentelemetry/core": "2.10.0",
        "@opentelemetry/otlp-transformer": "0.221.0"
      },
      "engines": {
        "node": "^18.19.0 || >=20.6.0"
      },
      "peerDependencies": {
        "@opentelemetry/api": "^1.3.0"
      }
    },
    "node_modules/@opentelemetry/otlp-transformer": {
      "version": "0.221.0",
      "resolved": "https://registry.npmjs.org/@opentelemetry/otlp-transformer/-/otlp-transformer-0.221.0.tgz",
      "integrity": "sha512-lg6lkOU08Az23jVcn/0Els9HP+V8PnR4Km6p0KgpTggS0n/WuhnmY64rSh83Of9iR9nD+dpWr6adlcX8KzAwjg==",
      "license": "Apache-2.0",
      "peer": true,
      "dependencies": {
        "@opentelemetry/api-logs": "0.221.0",
        "@opentelemetry/core": "2.10.0",
        "@opentelemetry/resources": "2.10.0",
        "@opentelemetry/sdk-logs": "0.221.0",
        "@opentelemetry/sdk-metrics": "2.10.0",
        "@opentelemetry/sdk-trace": "2.10.0"
      },
      "engines": {
        "node": "^18.19.0 || >=20.6.0"
      },
      "peerDependencies": {
        "@opentelemetry/api": "^1.3.0"
      }
    },
    "node_modules/@opentelemetry/resources": {
      "version": "2.10.0",
      "resolved": "https://registry.npmjs.org/@opentelemetry/resources/-/resources-2.10.0.tgz",
      "integrity": "sha512-q6MMm2zhggzsHVNbabYwut+a6nbuQQe3URUoxaojM/8K1IBfwwPzvxIjNi2/lI1TFe+fMHMW9MWhrtDLEXEnkA==",
      "license": "Apache-2.0",
      "peer": true,
      "dependencies": {
        "@opentelemetry/core": "2.10.0",
        "@opentelemetry/semantic-conventions": "^1.29.0"
      },
      "engines": {
        "node": "^18.19.0 || >=20.6.0"
      },
      "peerDependencies": {
        "@opentelemetry/api": ">=1.3.0 <1.10.0"
      }
    },
    "node_modules/@opentelemetry/sdk-logs": {
      "version": "0.221.0",
      "resolved": "https://registry.npmjs.org/@opentelemetry/sdk-logs/-/sdk-logs-0.221.0.tgz",
      "integrity": "sha512-FaDcazjyMp7TZZZAsqbo4IkovP0UegoCu0EBkiNt+qCqvUf7FPAsfcrZ3+ZEkKgXZ/jHafop+JoGPDk3A0SmLg==",
      "license": "Apache-2.0",
      "peer": true,
      "dependencies": {
        "@opentelemetry/api-logs": "0.221.0",
        "@opentelemetry/core": "2.10.0",
        "@opentelemetry/resources": "2.10.0",
        "@opentelemetry/semantic-conventions": "^1.29.0"
      },
      "engines": {
        "node": "^18.19.0 || >=20.6.0"
      },
      "peerDependencies": {
        "@opentelemetry/api": ">=1.4.0 <1.10.0"
      }
    },
    "node_modules/@opentelemetry/sdk-metrics": {
      "version": "2.10.0",
      "resolved": "https://registry.npmjs.org/@opentelemetry/sdk-metrics/-/sdk-metrics-2.10.0.tgz",
      "integrity": "sha512-t6r1VSvXNtSDnPXU1FbZeetJb7yyovHmgu0wRSoftxtE0g2rSNhQZQUy69sRUCL+iioJpX8SN/S6wq6ZtvLySQ==",
      "license": "Apache-2.0",
      "peer": true,
      "dependencies": {
        "@opentelemetry/core": "2.10.0",
        "@opentelemetry/resources": "2.10.0"
      },
      "engines": {
        "node": "^18.19.0 || >=20.6.0"
      },
      "peerDependencies": {
        "@opentelemetry/api": ">=1.9.0 <1.10.0"
      }
    },
    "node_modules/@opentelemetry/sdk-trace": {
      "version": "2.10.0",
      "resolved": "https://registry.npmjs.org/@opentelemetry/sdk-trace/-/sdk-trace-2.10.0.tgz",
      "integrity": "sha512-MfQGq3GRmTh5fM/y+OjaO0vj6+luCB1XO2gfXCalKCfgKw0eHL++sm75DNweC6ohlp+aFvACqeE0fYayqdRaoQ==",
      "license": "Apache-2.0",
      "peer": true,
      "dependencies": {
        "@opentelemetry/core": "2.10.0",
        "@opentelemetry/resources": "2.10.0",
        "@opentelemetry/semantic-conventions": "^1.29.0"
      },
      "engines": {
        "node": "^18.19.0 || >=20.6.0"
      },
      "peerDependencies": {
        "@opentelemetry/api": ">=1.3.0 <1.10.0"
      }
    },
    "node_modules/@opentelemetry/sdk-trace-base": {
      "version": "2.10.0",
      "resolved": "https://registry.npmjs.org/@opentelemetry/sdk-trace-base/-/sdk-trace-base-2.10.0.tgz",
      "integrity": "sha512-GuYQQT7QD2EeO8lcZLRQzcbOyhqAzL+6WWTKTU9mSUBYBazkEDl+VrQcXQhbB08OWM9anD1aHleVadzulpOaUQ==",
      "license": "Apache-2.0",
      "peer": true,
      "dependencies": {
        "@opentelemetry/core": "2.10.0",
        "@opentelemetry/resources": "2.10.0",
        "@opentelemetry/sdk-trace": "2.10.0",
        "@opentelemetry/semantic-conventions": "^1.29.0"
      },
      "engines": {
        "node": "^18.19.0 || >=20.6.0"
      },
      "peerDependencies": {
        "@opentelemetry/api": ">=1.3.0 <1.10.0"
      }
    },
    "node_modules/@opentelemetry/sdk-trace-web": {
      "version": "2.10.0",
      "resolved": "https://registry.npmjs.org/@opentelemetry/sdk-trace-web/-/sdk-trace-web-2.10.0.tgz",
      "integrity": "sha512-6WqXdWSlBH0GNjDhv1gg6SLVtMtIBVhLaWqd1hiKSXS8meXXP13sVPQoYFHz1uVo0feUTUCdP9vMS54KflisAw==",
      "license": "Apache-2.0",
      "peer": true,
      "dependencies": {
        "@opentelemetry/core": "2.10.0",
        "@opentelemetry/sdk-trace-base": "2.10.0"
      },
      "engines": {
        "node": "^18.19.0 || >=20.6.0"
      },
      "peerDependencies": {
        "@opentelemetry/api": ">=1.0.0 <1.10.0"
      }
    },
    "node_modules/@opentelemetry/semantic-conventions": {
      "version": "1.43.0",
      "resolved": "https://registry.npmjs.org/@opentelemetry/semantic-conventions/-/semantic-conventions-1.43.0.tgz",
      "integrity": "sha512-eSYWTm620tTk45EKSedaUL8MFYI8hW164hIXsgIHyxu3VobUB3fFCu5t0hQby6OoWRPsG1KkKUG2M5UadiLiVg==",
      "license": "Apache-2.0",
      "peer": true,
      "engines": {
        "node": ">=14"
      }
    },
    "node_modules/@primeuix/motion": {
      "version": "0.0.10",
      "resolved": "https://registry.npmjs.org/@primeuix/motion/-/motion-0.0.10.tgz",
      "integrity": "sha512-PsZwOPq79Scp7/ionshRcQ5xKVf9+zuLcyY5mf6onK8chHT5C9JGphmcIZ4CzcqxuGEpsm8AIbTGy+zS3RtzLA==",
      "license": "MIT",
      "peer": true,
      "dependencies": {
        "@primeuix/utils": "^0.6.3"
      },
      "engines": {
        "node": ">=12.11.0"
      }
    },
    "node_modules/@primeuix/motion/node_modules/@primeuix/utils": {
      "version": "0.6.4",
      "resolved": "https://registry.npmjs.org/@primeuix/utils/-/utils-0.6.4.tgz",
      "integrity": "sha512-pZ5f+vj7wSzRhC7KoEQRU5fvYAe+RP9+m39CTscZ3UywCD1Y2o6Fe1rRgklMPSkzUcty2jzkA0zMYkiJBD1hgg==",
      "license": "MIT",
      "peer": true,
      "engines": {
        "node": ">=12.11.0"
      }
    },
    "node_modules/@primeuix/styled": {
      "version": "0.7.4",
      "resolved": "https://registry.npmjs.org/@primeuix/styled/-/styled-0.7.4.tgz",
      "integrity": "sha512-QSO/NpOQg8e9BONWRBx9y8VGMCMYz0J/uKfNJEya/RGEu7ARx0oYW0ugI1N3/KB1AAvyGxzKBzGImbwg0KUiOQ==",
      "license": "MIT",
      "peer": true,
      "dependencies": {
        "@primeuix/utils": "^0.6.1"
      },
      "engines": {
        "node": ">=12.11.0"
      }
    },
    "node_modules/@primeuix/styled/node_modules/@primeuix/utils": {
      "version": "0.6.4",
      "resolved": "https://registry.npmjs.org/@primeuix/utils/-/utils-0.6.4.tgz",
      "integrity": "sha512-pZ5f+vj7wSzRhC7KoEQRU5fvYAe+RP9+m39CTscZ3UywCD1Y2o6Fe1rRgklMPSkzUcty2jzkA0zMYkiJBD1hgg==",
      "license": "MIT",
      "peer": true,
      "engines": {
        "node": ">=12.11.0"
      }
    },
    "node_modules/@primeuix/styles": {
      "version": "2.0.3",
      "resolved": "https://registry.npmjs.org/@primeuix/styles/-/styles-2.0.3.tgz",
      "integrity": "sha512-2ykAB6BaHzR/6TwF8ShpJTsZrid6cVIEBVlookSdvOdmlWuevGu5vWOScgIwqWwlZcvkFYAGR/SUV3OHCTBMdw==",
      "license": "MIT",
      "peer": true,
      "dependencies": {
        "@primeuix/styled": "^0.7.4"
      }
    },
    "node_modules/@primeuix/utils": {
      "version": "0.7.2",
      "resolved": "https://registry.npmjs.org/@primeuix/utils/-/utils-0.7.2.tgz",
      "integrity": "sha512-pmEbSfP0Phf9W9RweiM66zXnkn73ZeKyYINElbX3uZ2+stzzaba2svLAl3B1pHVcRw5t43O0VciaGe4ye2EXKw==",
      "license": "MIT",
      "peer": true,
      "engines": {
        "node": ">=12.11.0"
      }
    },
    "node_modules/@standard-schema/spec": {
      "version": "1.1.0",
      "resolved": "https://registry.npmjs.org/@standard-schema/spec/-/spec-1.1.0.tgz",
      "integrity": "sha512-l2aFy5jALhniG5HgqrD6jXLi/rUWrKvqN/qJx6yoJsgKhblVd+iqqU4RCXavm/jPityDo5TCvKMnpjKnOriy0w==",
      "license": "MIT",
      "peer": true
    },
    "node_modules/@types/body-parser": {
      "version": "1.19.6",
      "resolved": "https://registry.npmjs.org/@types/body-parser/-/body-parser-1.19.6.tgz",
      "integrity": "sha512-HLFeCYgz89uk22N5Qg3dvGvsv46B8GLvKKo1zKG4NybA8U2DiEO3w9lqGg29t/tfLRJpJ6iQxnVw4OnB7MoM9g==",
      "license": "MIT",
      "peer": true,
      "dependencies": {
        "@types/connect": "*",
        "@types/node": "*"
      }
    },
    "node_modules/@types/connect": {
      "version": "3.4.38",
      "resolved": "https://registry.npmjs.org/@types/connect/-/connect-3.4.38.tgz",
      "integrity": "sha512-K6uROf1LD88uDQqJCktA4yzL1YYAK6NgfsI0v/mTgyPKWsX1CnJ0XPSDhViejru1GcRkLWb8RlzFYJRqGUbaug==",
      "license": "MIT",
      "peer": true,
      "dependencies": {
        "@types/node": "*"
      }
    },
    "node_modules/@types/express": {
      "version": "4.17.25",
      "resolved": "https://registry.npmjs.org/@types/express/-/express-4.17.25.tgz",
      "integrity": "sha512-dVd04UKsfpINUnK0yBoYHDF3xu7xVH4BuDotC/xGuycx4CgbP48X/KF/586bcObxT0HENHXEU8Nqtu6NR+eKhw==",
      "license": "MIT",
      "peer": true,
      "dependencies": {
        "@types/body-parser": "*",
        "@types/express-serve-static-core": "^4.17.33",
        "@types/qs": "*",
        "@types/serve-static": "^1"
      }
    },
    "node_modules/@types/express-serve-static-core": {
      "version": "4.19.9",
      "resolved": "https://registry.npmjs.org/@types/express-serve-static-core/-/express-serve-static-core-4.19.9.tgz",
      "integrity": "sha512-QP2ESEe/ImWY0HDwNAnK9PvEffUyhLTnWkk7KXzHfyeWAnlrDe1fN77bXl6ia8KT3wPlmA7t9/VPRpnf4Ex9sg==",
      "license": "MIT",
      "peer": true,
      "dependencies": {
        "@types/node": "*",
        "@types/qs": "*",
        "@types/range-parser": "*",
        "@types/send": "*"
      }
    },
    "node_modules/@types/http-errors": {
      "version": "2.0.5",
      "resolved": "https://registry.npmjs.org/@types/http-errors/-/http-errors-2.0.5.tgz",
      "integrity": "sha512-r8Tayk8HJnX0FztbZN7oVqGccWgw98T/0neJphO91KkmOzug1KkofZURD4UaD5uH8AqcFLfdPErnBod0u71/qg==",
      "license": "MIT",
      "peer": true
    },
    "node_modules/@types/mime": {
      "version": "1.3.5",
      "resolved": "https://registry.npmjs.org/@types/mime/-/mime-1.3.5.tgz",
      "integrity": "sha512-/pyBZWSLD2n0dcHE3hq8s8ZvcETHtEuF+3E7XVt0Ig2nvsVQXdghHVcEkIWjy9A0wKfTn97a/PSDYohKIlnP/w==",
      "license": "MIT",
      "peer": true
    },
    "node_modules/@types/node": {
      "version": "26.1.2",
      "resolved": "https://registry.npmjs.org/@types/node/-/node-26.1.2.tgz",
      "integrity": "sha512-Vu4a5UFA9rIIFJ7rB/Vaafh9lrCQszopTCx6KjFboXTGQbPNasehVR5TEiithSDGyd1DEiUByggTZsg8jukeIg==",
      "license": "MIT",
      "peer": true,
      "dependencies": {
        "undici-types": "~8.3.0"
      }
    },
    "node_modules/@types/qs": {
      "version": "6.15.1",
      "resolved": "https://registry.npmjs.org/@types/qs/-/qs-6.15.1.tgz",
      "integrity": "sha512-GZHUBZR9hckSUhrxmp1nG6NwdpM9fCunJwyThLW1X3AyHgd9IlHb6VANpQQqDr2o/qQp6McZ3y/IA2rVzKzSbw==",
      "license": "MIT",
      "peer": true
    },
    "node_modules/@types/range-parser": {
      "version": "1.2.7",
      "resolved": "https://registry.npmjs.org/@types/range-parser/-/range-parser-1.2.7.tgz",
      "integrity": "sha512-hKormJbkJqzQGhziax5PItDUTMAM9uE2XXQmM37dyd4hVM+5aVl7oVxMVUiVQn2oCQFN/LKCZdvSM0pFRqbSmQ==",
      "license": "MIT",
      "peer": true
    },
    "node_modules/@types/send": {
      "version": "1.2.1",
      "resolved": "https://registry.npmjs.org/@types/send/-/send-1.2.1.tgz",
      "integrity": "sha512-arsCikDvlU99zl1g69TcAB3mzZPpxgw0UQnaHeC1Nwb015xp8bknZv5rIfri9xTOcMuaVgvabfIRA7PSZVuZIQ==",
      "license": "MIT",
      "peer": true,
      "dependencies": {
        "@types/node": "*"
      }
    },
    "node_modules/@types/serve-static": {
      "version": "1.15.10",
      "resolved": "https://registry.npmjs.org/@types/serve-static/-/serve-static-1.15.10.tgz",
      "integrity": "sha512-tRs1dB+g8Itk72rlSI2ZrW6vZg0YrLI81iQSTkMmOqnqCaNr/8Ek4VwWcN5vZgCYWbg/JJSGBlUaYGAOP73qBw==",
      "license": "MIT",
      "peer": true,
      "dependencies": {
        "@types/http-errors": "*",
        "@types/node": "*",
        "@types/send": "<1"
      }
    },
    "node_modules/@types/serve-static/node_modules/@types/send": {
      "version": "0.17.6",
      "resolved": "https://registry.npmjs.org/@types/send/-/send-0.17.6.tgz",
      "integrity": "sha512-Uqt8rPBE8SY0RK8JB1EzVOIZ32uqy8HwdxCnoCOsYrvnswqmFZ/k+9Ikidlk/ImhsdvBsloHbAlewb2IEBV/Og==",
      "license": "MIT",
      "peer": true,
      "dependencies": {
        "@types/mime": "^1",
        "@types/node": "*"
      }
    },
    "node_modules/@wertzui/ngx-hal-client": {
      "version": "16.0.0",
      "resolved": "https://registry.npmjs.org/@wertzui/ngx-hal-client/-/ngx-hal-client-16.0.0.tgz",
      "integrity": "sha512-af1ZcAKVhaLcupuUiY6cduvkJM00DoA+ejc5oeu6sFQXSeFNRgr0nhwMv2kFAjEtJFbMgqGJDxLnwvnbK4Rh6Q==",
      "license": "Unlicense",
      "peer": true,
      "dependencies": {
        "tslib": "^2"
      },
      "peerDependencies": {
        "@angular/common": "^22",
        "@angular/core": "^22",
        "@angular/forms": "^22",
        "uri-templates-es": "^2"
      }
    },
    "node_modules/cldr-core": {
      "version": "45.0.0",
      "resolved": "https://registry.npmjs.org/cldr-core/-/cldr-core-45.0.0.tgz",
      "integrity": "sha512-gQVxy3gzOQpXiTRGmlKiRQFLYimrr1RgvqGKZCS61JgmdkeNm7+LZGx+Lhw5/AW0t8WMM/uZhf4CMva6LuUobQ==",
      "license": "Unicode-3.0",
      "peer": true
    },
    "node_modules/cldr-dates-modern": {
      "version": "45.0.0",
      "resolved": "https://registry.npmjs.org/cldr-dates-modern/-/cldr-dates-modern-45.0.0.tgz",
      "integrity": "sha512-RW7aDXCjuT4IpKKH47MS5K3jpBbkbiPYwle0SmLTnvUr+tFNWO5VZt0zTJLJU58dGG3hl3uLIkoA52obQCSZ7Q==",
      "license": "Unicode-3.0",
      "peer": true,
      "peerDependencies": {
        "cldr-numbers-modern": "45.0.0"
      }
    },
    "node_modules/cldr-numbers-modern": {
      "version": "45.0.0",
      "resolved": "https://registry.npmjs.org/cldr-numbers-modern/-/cldr-numbers-modern-45.0.0.tgz",
      "integrity": "sha512-U8mQj/p8Db1woLcTPr5RNgP4mJokCYawp0ae+jvvU+fRCLF9Jx2vP/LGEkXf4k7bp0VcfB40JxkXZXhAXS247w==",
      "license": "Unicode-3.0",
      "peer": true,
      "peerDependencies": {
        "cldr-core": "45.0.0"
      }
    },
    "node_modules/clr-format": {
      "version": "0.5.2",
      "resolved": "https://registry.npmjs.org/clr-format/-/clr-format-0.5.2.tgz",
      "integrity": "sha512-epHXKq3FohMsQUim1bfho/ZBdtQmJRPTgcTwT+yQ4y7pqmD8b9ME1TnQuRnM6nJXDcQJyajacADKz+wH7xb/uQ==",
      "license": "MIT",
      "peer": true
    },
    "node_modules/entities": {
      "version": "8.0.0",
      "resolved": "https://registry.npmjs.org/entities/-/entities-8.0.0.tgz",
      "integrity": "sha512-zwfzJecQ/Uej6tusMqwAqU/6KL2XaB2VZ2Jg54Je6ahNBGNH6Ek6g3jjNCF0fG9EWQKGZNddNjU5F1ZQn/sBnA==",
      "license": "BSD-2-Clause",
      "peer": true,
      "engines": {
        "node": ">=20.19.0"
      },
      "funding": {
        "url": "https://github.com/fb55/entities?sponsor=1"
      }
    },
    "node_modules/ng-http-caching": {
      "version": "22.1.0",
      "resolved": "https://registry.npmjs.org/ng-http-caching/-/ng-http-caching-22.1.0.tgz",
      "integrity": "sha512-KyqUSB3i/2Re8n+qEJc4nIKgsxKOdmgD7E08fsSoTiBSGP5rNSyJxBwhKTa25DVMy9WwewMA79QUOVhG0wqXRw==",
      "license": "MIT",
      "peer": true,
      "dependencies": {
        "tslib": "^2.3.0"
      },
      "peerDependencies": {
        "@angular/common": ">15.0.0",
        "@angular/core": ">15.0.0",
        "ng-simple-state": "^21.1.4"
      },
      "peerDependenciesMeta": {
        "ng-simple-state": {
          "optional": true
        }
      }
    },
    "node_modules/ngx-image-cropper": {
      "version": "9.1.6",
      "resolved": "https://registry.npmjs.org/ngx-image-cropper/-/ngx-image-cropper-9.1.6.tgz",
      "integrity": "sha512-b250YJ+jZovfqIj8vdEOrpEFay34be5f1Hpvg6Db68VMlvdyyuzboJdR0gCupbXtVcG6qQ86L7YG+SYxXJwApw==",
      "license": "MIT",
      "peer": true,
      "dependencies": {
        "tslib": "^2.3.0"
      },
      "peerDependencies": {
        "@angular/common": ">=17.3.0",
        "@angular/core": ">=17.3.0"
      }
    },
    "node_modules/ngx-valdemort": {
      "version": "16.0.0",
      "resolved": "https://registry.npmjs.org/ngx-valdemort/-/ngx-valdemort-16.0.0.tgz",
      "integrity": "sha512-gb8l35pNAUfXTdBmj83aD9wu79po1qhWLO/fbefcNdnvwaDKitDylMxOsYMLMgn2b2Y08qDmpaP7fNdDgaWBIA==",
      "license": "MIT",
      "peer": true,
      "dependencies": {
        "tslib": "2.8.1"
      },
      "peerDependencies": {
        "@angular/common": "^22.0.0",
        "@angular/core": "^22.0.0",
        "@angular/forms": "^22.0.0"
      }
    },
    "node_modules/parse5": {
      "version": "8.0.1",
      "resolved": "https://registry.npmjs.org/parse5/-/parse5-8.0.1.tgz",
      "integrity": "sha512-z1e/HMG90obSGeidlli3hj7cbocou0/wa5HacvI3ASx34PecNjNQeaHNo5WIZpWofN9kgkqV1q5YvXe3F0FoPw==",
      "license": "MIT",
      "peer": true,
      "dependencies": {
        "entities": "^8.0.0"
      },
      "funding": {
        "url": "https://github.com/inikulin/parse5?sponsor=1"
      }
    },
    "node_modules/primeflex": {
      "version": "4.0.0",
      "resolved": "https://registry.npmjs.org/primeflex/-/primeflex-4.0.0.tgz",
      "integrity": "sha512-UOEZCRjR36+sm5bUpDhS1xbA068l9VC6y1aTNVqQPtXuKIdPTqAWHRUxj3mKAoPrQ9W373ooJJMgNVXfiaw04g==",
      "license": "MIT",
      "peer": true
    },
    "node_modules/primeicons": {
      "version": "7.0.0",
      "resolved": "https://registry.npmjs.org/primeicons/-/primeicons-7.0.0.tgz",
      "integrity": "sha512-jK3Et9UzwzTsd6tzl2RmwrVY/b8raJ3QZLzoDACj+oTJ0oX7L9Hy+XnVwgo4QVKlKpnP/Ur13SXV/pVh4LzaDw==",
      "license": "MIT",
      "peer": true
    },
    "node_modules/primeng": {
      "version": "21.1.9",
      "resolved": "https://registry.npmjs.org/primeng/-/primeng-21.1.9.tgz",
      "integrity": "sha512-Z76PtF08X0PNSTCNMobao8Qm71vC56mtZSdUtX/gsn4+q4x0NbUUtkeK1pc33a+kxVm2zkmOwzUIEGmb9VdoIA==",
      "license": "SEE LICENSE IN LICENSE.md",
      "peer": true,
      "dependencies": {
        "@primeuix/motion": "^0.0.10",
        "@primeuix/styled": "^0.7.4",
        "@primeuix/styles": "^2.0.3",
        "@primeuix/utils": "^0.7.2",
        "tslib": "^2.3.0"
      },
      "peerDependencies": {
        "@angular/cdk": "^21.0.0",
        "@angular/common": "^21.0.0",
        "@angular/core": "^21.0.7",
        "@angular/forms": "^21.0.0",
        "@angular/platform-browser": "^21.0.0",
        "@angular/router": "^21.0.0",
        "rxjs": "^6.0.0 || ^7.8.1"
      }
    },
    "node_modules/reflect-metadata": {
      "version": "0.1.14",
      "resolved": "https://registry.npmjs.org/reflect-metadata/-/reflect-metadata-0.1.14.tgz",
      "integrity": "sha512-ZhYeb6nRaXCfhnndflDK8qI6ZQ/YcWZCISRAWICW9XYqMUwjZM9Z0DveWX/ABN01oxSHwVxKQmxeYZSsm0jh5A==",
      "license": "Apache-2.0",
      "peer": true
    },
    "node_modules/rxjs": {
      "version": "7.8.2",
      "resolved": "https://registry.npmjs.org/rxjs/-/rxjs-7.8.2.tgz",
      "integrity": "sha512-dhKf903U/PQZY6boNNtAGdWbG85WAbjT/1xYoZIC7FAY0yWapOBQVsVrDl58W86//e1VpMNBtRV4MaXfdMySFA==",
      "license": "Apache-2.0",
      "peer": true,
      "dependencies": {
        "tslib": "^2.1.0"
      }
    },
    "node_modules/tslib": {
      "version": "2.8.1",
      "resolved": "https://registry.npmjs.org/tslib/-/tslib-2.8.1.tgz",
      "integrity": "sha512-oJFu94HQb+KVduSUQL7wnpmqnfmLsOA/nAh6b6EH0wCEoK0/mPeXU6c3wKDV83MkOuHPRHtSXKKU99IBazS/2w==",
      "license": "0BSD"
    },
    "node_modules/undici-types": {
      "version": "8.3.0",
      "resolved": "https://registry.npmjs.org/undici-types/-/undici-types-8.3.0.tgz",
      "integrity": "sha512-j375ScV60dom+YkPFIfTLcOiPxkN/buHz5GobjLhixFuANaNs3C9l4GmrWqejgXWJ7BbJcFYpTEUkS1Ge8bpZQ==",
      "license": "MIT",
      "peer": true
    },
    "node_modules/uri-templates-es": {
      "version": "2.0.2",
      "resolved": "https://registry.npmjs.org/uri-templates-es/-/uri-templates-es-2.0.2.tgz",
      "integrity": "sha512-c5TFAaCFLxtjOK7jgZxC57nJk3LSFgRiBJ88NQssEP+1Ff4SEBeo51tuhGG8TPtEhR6Jrw0cINLfVoZqYhbKDQ==",
      "license": "MIT",
      "peer": true
    },
    "node_modules/xhr2": {
      "version": "0.2.1",
      "resolved": "https://registry.npmjs.org/xhr2/-/xhr2-0.2.1.tgz",
      "integrity": "sha512-sID0rrVCqkVNUn8t6xuv9+6FViXjUVXq8H5rWOH2rz9fDNQEd4g0EA2XlcEdJXRz5BMEn4O1pJFdT+z4YHhoWw==",
      "license": "MIT",
      "peer": true,
      "engines": {
        "node": ">= 6"
      }
    },
    "node_modules/zod": {
      "version": "4.4.3",
      "resolved": "https://registry.npmjs.org/zod/-/zod-4.4.3.tgz",
      "integrity": "sha512-ytENFjIJFl2UwYglde2jchW2Hwm4GJFLDiSXWdTrJQBIN9Fcyp7n4DhxJEiWNAJMV1/BqWfW/kkg71UDcHJyTQ==",
      "license": "MIT",
      "peer": true,
      "funding": {
        "url": "https://github.com/sponsors/colinhacks"
      }
    },
    "node_modules/zone.js": {
      "version": "0.16.2",
      "resolved": "https://registry.npmjs.org/zone.js/-/zone.js-0.16.2.tgz",
      "integrity": "sha512-Eky7p2Z1Ig3NnbfodSPoARCjKBSTFMnE/ACsP1L/XJEfY4SdOFce19BsUCWVwL6K5ABZFy5J3bjcMWffX+YM3Q==",
      "license": "MIT",
      "peer": true
    }
  }
}
