# THIS IS AN AUTOGENERATED FILE. DO NOT EDIT THIS FILE DIRECTLY.
# yarn lockfile v1


"@angular/cdk@^12.2.11":
  version "12.2.11"
  resolved "https://registry.yarnpkg.com/@angular/cdk/-/cdk-12.2.11.tgz#e4f9f45508a0a808eba0b7f6df86e20c86df8306"
  integrity sha512-GgBB3NdVSv6RnDDOMspeLGg3uCbbmWIEIQ9VIqT5TWXWnljd2EANOQWdLu+fkmRzJn66FFdlTtJ6rHYoY/oBkA==
  dependencies:
    tslib "^2.2.0"
  optionalDependencies:
    parse5 "^5.0.0"

"@angular/common@^12.2.11":
  version "12.2.11"
  resolved "https://registry.yarnpkg.com/@angular/common/-/common-12.2.11.tgz#46b62009d57c187a9a838d9021dcd928073ebc3c"
  integrity sha512-/3QS5YaHfm2taJYUVes076ZMpL2GRYVW3HDbHXiRNjoC9EMqQ7ahRD9RPFC8XUk709JuqzonE3bB+N5Ld3mzIA==
  dependencies:
    tslib "^2.2.0"

"@angular/core@^12.2.11":
  version "12.2.11"
  resolved "https://registry.yarnpkg.com/@angular/core/-/core-12.2.11.tgz#b11056d5e4e8933b2cfba7c3d2f49386dceda63d"
  integrity sha512-wzCFtVFdQlXJlzWpWNz3w8cDzhYzuO1qDqey15Wd4zPR8c8pDx3/XCZXSziskaUzA+fVzgHHSwQnOi9XSFFjzA==
  dependencies:
    tslib "^2.2.0"

"@angular/forms@^12.2.11":
  version "12.2.11"
  resolved "https://registry.yarnpkg.com/@angular/forms/-/forms-12.2.11.tgz#7994d6fb659851d104fe61c17b7eac84edb942d8"
  integrity sha512-mylti7rtz2FcM3hwPSj2JnX8y8BrXmzrjEWjcLlXmwoMzv/M3vY5HlgKzOmPN03bVgxC7b7EFfGMXfJ3YoPWpg==
  dependencies:
    tslib "^2.2.0"

"@angular/platform-browser@^12.2.11":
  version "12.2.11"
  resolved "https://registry.yarnpkg.com/@angular/platform-browser/-/platform-browser-12.2.11.tgz#a6839f3859c6ff676ad405e2863f6dcbcbba928f"
  integrity sha512-uJEnVOK3M1SrCWJoW2jFx5F8pUCbSISai7dbTBVc+/Gx6e9ZuNzBVOooLvSzV96DurhTV7xGSXR5Ry75UNZ48A==
  dependencies:
    tslib "^2.2.0"

"@fortawesome/fontawesome-free@^5.15.4":
  version "5.15.4"
  resolved "https://registry.yarnpkg.com/@fortawesome/fontawesome-free/-/fontawesome-free-5.15.4.tgz#ecda5712b61ac852c760d8b3c79c96adca5554e5"
  integrity sha512-eYm8vijH/hpzr/6/1CJ/V/Eb1xQFW2nnUKArb3z+yUWv7HTwj6M7SP957oMjfZjAHU6qpoNc2wQvIxBLWYa/Jg==

"@types/lodash@^4.14.175":
  version "4.14.175"
  resolved "https://registry.yarnpkg.com/@types/lodash/-/lodash-4.14.175.tgz#b78dfa959192b01fae0ad90e166478769b215f45"
  integrity sha512-XmdEOrKQ8a1Y/yxQFOMbC47G/V2VDO1GvMRnl4O75M4GW/abC5tnfzadQYkqEveqRM1dEJGFFegfPNA2vvx2iw==

"@wertzui/ngx-hal-client@^1.0.2":
  version "1.0.3"
  resolved "https://registry.yarnpkg.com/@wertzui/ngx-hal-client/-/ngx-hal-client-1.0.3.tgz#17509757b2d75babb858fac42bbbc08666c73516"
  integrity sha512-7Fd4qigpV8ZgT+wWjSvdZnXp7fyTsuFJAj0vy6pZ89kM2SruwXH8ZuEtgmjDbuFzRmTBz6XcR/Lr2RxWc+SumQ==
  dependencies:
    tslib "2.3.1"

lodash@^4.17.21:
  version "4.17.21"
  resolved "https://registry.yarnpkg.com/lodash/-/lodash-4.17.21.tgz#679591c564c3bffaae8454cf0b3df370c3d6911c"
  integrity sha512-v2kDEe57lecTulaDIuNTPy3Ry4gLGJ6Z1O3vE1krgXZNrsQ+LFTGHVxVjcXPs17LhbZVGedAJv8XZ1tvj5FvSg==

parse5@^5.0.0:
  version "5.1.1"
  resolved "https://registry.yarnpkg.com/parse5/-/parse5-5.1.1.tgz#f68e4e5ba1852ac2cadc00f4555fff6c2abb6178"
  integrity sha512-ugq4DFI0Ptb+WWjAdOK16+u/nHfiIrcE+sh8kZMaM0WllQKLI9rOUq6c2b7cwPkXdzfQESqvoqK6ug7U/Yyzug==

primeflex@^3.1.0:
  version "3.1.0"
  resolved "https://registry.yarnpkg.com/primeflex/-/primeflex-3.1.0.tgz#2beef527e788981b823e5969752a87d7b72447ee"
  integrity sha512-q8QutEO59eu79nJVyMFDcpdokiCIk79Rn6Y9NwxpiIp5rxRjNCacH2N7gM+ondQjvYnuj6LLOK8dEVx1J2i7Lw==

primeicons@^4.1.0:
  version "4.1.0"
  resolved "https://registry.yarnpkg.com/primeicons/-/primeicons-4.1.0.tgz#19eaef8ef5594b0006358ae64e738d03e167c9bb"
  integrity sha512-uEv2pSPk1zQCfaB2VgnUfnUxxlGryYi+5rbdxmZBBt5v9S/pscIQYS5YDLxsQZ7D9jn5c76+Tx5wX/2J1nK6sA==

primeng@^12.2.1:
  version "12.2.1"
  resolved "https://registry.yarnpkg.com/primeng/-/primeng-12.2.1.tgz#a01f6207b6e65dc22dbafc7ffa97ae6d0a43cf86"
  integrity sha512-2Nr/ASCq7SsLutFm/mBjudqCr31pO596qDs8zA6VcNMw0FmXjM85YqeHWB8hc4hlDzky4BHAuIKphvT4ykA+xw==
  dependencies:
    tslib "^2.1.0"

rxjs@^7.4.0:
  version "7.4.0"
  resolved "https://registry.yarnpkg.com/rxjs/-/rxjs-7.4.0.tgz#a12a44d7eebf016f5ff2441b87f28c9a51cebc68"
  integrity sha512-7SQDi7xeTMCJpqViXh8gL/lebcwlp3d831F05+9B44A4B0WfsEwUQHR64gsH1kvJ+Ep/J9K2+n1hVl1CsGN23w==
  dependencies:
    tslib "~2.1.0"

tslib@2.3.1, tslib@^2.0.0, tslib@^2.1.0, tslib@^2.2.0, tslib@^2.3.0:
  version "2.3.1"
  resolved "https://registry.yarnpkg.com/tslib/-/tslib-2.3.1.tgz#e8a335add5ceae51aa261d32a490158ef042ef01"
  integrity sha512-77EbyPPpMz+FRFRuAFlWMtmgUWGe9UOG2Z25NqCwiIjRhOf5iKGuzSe5P2w1laq+FkRy4p+PCuVkJSGkzTEKVw==

tslib@~2.1.0:
  version "2.1.0"
  resolved "https://registry.yarnpkg.com/tslib/-/tslib-2.1.0.tgz#da60860f1c2ecaa5703ab7d39bc05b6bf988b97a"
  integrity sha512-hcVC3wYEziELGGmEEXue7D75zbwIIVUMWAVbHItGPx0ziyXxrOMQx4rQEVEV45Ut/1IotuEvwqPopzIOkDMf0A==

uri-templates@^0.2.0:
  version "0.2.0"
  resolved "https://registry.yarnpkg.com/uri-templates/-/uri-templates-0.2.0.tgz#2b5784511cc909868731e9233c268097d10b499f"
  integrity sha1-K1eEURzJCYaHMekjPCaAl9ELSZ8=

zone.js@^0.11.4:
  version "0.11.4"
  resolved "https://registry.yarnpkg.com/zone.js/-/zone.js-0.11.4.tgz#0f70dcf6aba80f698af5735cbb257969396e8025"
  integrity sha512-DDh2Ab+A/B+9mJyajPjHFPWfYU1H+pdun4wnnk0OcQTNjem1XQSZ2CDW+rfZEUDjv5M19SBqAkjZi0x5wuB5Qw==
  dependencies:
    tslib "^2.0.0"
